// !$*UTF8*$!
{
	archiveVersion = 1;
	classes = {
	};
	objectVersion = 46;
	objects = {

/* Begin PBXBuildFile section */
		A82C6FEB1A42ADA200595D26 /* main.m in Sources */ = {isa = PBXBuildFile; fileRef = A82C6FEA1A42ADA200595D26 /* main.m */; };
		A82C6FEE1A42ADA200595D26 /* AppDelegate.m in Sources */ = {isa = PBXBuildFile; fileRef = A82C6FED1A42ADA200595D26 /* AppDelegate.m */; };
		A82C6FF11A42ADA200595D26 /* ViewController.m in Sources */ = {isa = PBXBuildFile; fileRef = A82C6FF01A42ADA200595D26 /* ViewController.m */; };
		A82C6FF41A42ADA200595D26 /* Main.storyboard in Resources */ = {isa = PBXBuildFile; fileRef = A82C6FF21A42ADA200595D26 /* Main.storyboard */; };
		A82C6FF61A42ADA200595D26 /* Images.xcassets in Resources */ = {isa = PBXBuildFile; fileRef = A82C6FF51A42ADA200595D26 /* Images.xcassets */; };
		A82C6FF91A42ADA200595D26 /* LaunchScreen.xib in Resources */ = {isa = PBXBuildFile; fileRef = A82C6FF71A42ADA200595D26 /* LaunchScreen.xib */; };
		A82C70051A42ADA200595D26 /* PicScrollViewTests.m in Sources */ = {isa = PBXBuildFile; fileRef = A82C70041A42ADA200595D26 /* PicScrollViewTests.m */; };
		A82C70101A42B00700595D26 /* picScrollView.m in Sources */ = {isa = PBXBuildFile; fileRef = A82C700F1A42B00700595D26 /* picScrollView.m */; };
		A82C70181A42C6E500595D26 /* 1.jpg in Resources */ = {isa = PBXBuildFile; fileRef = A82C70141A42C6E500595D26 /* 1.jpg */; };
		A82C70191A42C6E500595D26 /* 2.jpg in Resources */ = {isa = PBXBuildFile; fileRef = A82C70151A42C6E500595D26 /* 2.jpg */; };
		A82C701A1A42C6E500595D26 /* 3.jpg in Resources */ = {isa = PBXBuildFile; fileRef = A82C70161A42C6E500595D26 /* 3.jpg */; };
		A82C701B1A42C6E500595D26 /* 4.jpg in Resources */ = {isa = PBXBuildFile; fileRef = A82C70171A42C6E500595D26 /* 4.jpg */; };
/* End PBXBuildFile section */

/* Begin PBXContainerItemProxy section */
		A82C6FFF1A42ADA200595D26 /* PBXContainerItemProxy */ = {
			isa = PBXContainerItemProxy;
			containerPortal = A82C6FDD1A42ADA200595D26 /* Project object */;
			proxyType = 1;
			remoteGlobalIDString = A82C6FE41A42ADA200595D26;
			remoteInfo = PicScrollView;
		};
/* End PBXContainerItemProxy section */

/* Begin PBXFileReference section */
		A82C6FE51A42ADA200595D26 /* PicScrollView.app */ = {isa = PBXFileReference; explicitFileType = wrapper.application; includeInIndex = 0; path = PicScrollView.app; sourceTree = BUILT_PRODUCTS_DIR; };
		A82C6FE91A42ADA200595D26 /* Info.plist */ = {isa = PBXFileReference; lastKnownFileType = text.plist.xml; path = Info.plist; sourceTree = "<group>"; };
		A82C6FEA1A42ADA200595D26 /* main.m */ = {isa = PBXFileReference; lastKnownFileType = sourcecode.c.objc; path = main.m; sourceTree = "<group>"; };
		A82C6FEC1A42ADA200595D26 /* AppDelegate.h */ = {isa = PBXFileReference; lastKnownFileType = sourcecode.c.h; path = AppDelegate.h; sourceTree = "<group>"; };
		A82C6FED1A42ADA200595D26 /* AppDelegate.m */ = {isa = PBXFileReference; lastKnownFileType = sourcecode.c.objc; path = AppDelegate.m; sourceTree = "<group>"; };
		A82C6FEF1A42ADA200595D26 /* ViewController.h */ = {isa = PBXFileReference; lastKnownFileType = sourcecode.c.h; path = ViewController.h; sourceTree = "<group>"; };
		A82C6FF01A42ADA200595D26 /* ViewController.m */ = {isa = PBXFileReference; lastKnownFileType = sourcecode.c.objc; path = ViewController.m; sourceTree = "<group>"; };
		A82C6FF31A42ADA200595D26 /* Base */ = {isa = PBXFileReference; lastKnownFileType = file.storyboard; name = Base; path = Base.lproj/Main.storyboard; sourceTree = "<group>"; };
		A82C6FF51A42ADA200595D26 /* Images.xcassets */ = {isa = PBXFileReference; lastKnownFileType = folder.assetcatalog; path = Images.xcassets; sourceTree = "<group>"; };
		A82C6FF81A42ADA200595D26 /* Base */ = {isa = PBXFileReference; lastKnownFileType = file.xib; name = Base; path = Base.lproj/LaunchScreen.xib; sourceTree = "<group>"; };
		A82C6FFE1A42ADA200595D26 /* PicScrollViewTests.xctest */ = {isa = PBXFileReference; explicitFileType = wrapper.cfbundle; includeInIndex = 0; path = PicScrollViewTests.xctest; sourceTree = BUILT_PRODUCTS_DIR; };
		A82C70031A42ADA200595D26 /* Info.plist */ = {isa = PBXFileReference; lastKnownFileType = text.plist.xml; path = Info.plist; sourceTree = "<group>"; };
		A82C70041A42ADA200595D26 /* PicScrollViewTests.m */ = {isa = PBXFileReference; lastKnownFileType = sourcecode.c.objc; path = PicScrollViewTests.m; sourceTree = "<group>"; };
		A82C700E1A42B00700595D26 /* picScrollView.h */ = {isa = PBXFileReference; fileEncoding = 4; lastKnownFileType = sourcecode.c.h; path = picScrollView.h; sourceTree = "<group>"; };
		A82C700F1A42B00700595D26 /* picScrollView.m */ = {isa = PBXFileReference; fileEncoding = 4; lastKnownFileType = sourcecode.c.objc; path = picScrollView.m; sourceTree = "<group>"; };
		A82C70141A42C6E500595D26 /* 1.jpg */ = {isa = PBXFileReference; lastKnownFileType = image.jpeg; path = 1.jpg; sourceTree = "<group>"; };
		A82C70151A42C6E500595D26 /* 2.jpg */ = {isa = PBXFileReference; lastKnownFileType = image.jpeg; path = 2.jpg; sourceTree = "<group>"; };
		A82C70161A42C6E500595D26 /* 3.jpg */ = {isa = PBXFileReference; lastKnownFileType = image.jpeg; path = 3.jpg; sourceTree = "<group>"; };
		A82C70171A42C6E500595D26 /* 4.jpg */ = {isa = PBXFileReference; lastKnownFileType = image.jpeg; path = 4.jpg; sourceTree = "<group>"; };
/* End PBXFileReference section */

/* Begin PBXFrameworksBuildPhase section */
		A82C6FE21A42ADA200595D26 /* Frameworks */ = {
			isa = PBXFrameworksBuildPhase;
			buildActionMask = 2147483647;
			files = (
			);
			runOnlyForDeploymentPostprocessing = 0;
		};
		A82C6FFB1A42ADA200595D26 /* Frameworks */ = {
			isa = PBXFrameworksBuildPhase;
			buildActionMask = 2147483647;
			files = (
			);
			runOnlyForDeploymentPostprocessing = 0;
		};
/* End PBXFrameworksBuildPhase section */

/* Begin PBXGroup section */
		A82C6FDC1A42ADA200595D26 = {
			isa = PBXGroup;
			children = (
				A82C6FE71A42ADA200595D26 /* PicScrollView */,
				A82C70011A42ADA200595D26 /* PicScrollViewTests */,
				A82C6FE61A42ADA200595D26 /* Products */,
			);
			sourceTree = "<group>";
		};
		A82C6FE61A42ADA200595D26 /* Products */ = {
			isa = PBXGroup;
			children = (
				A82C6FE51A42ADA200595D26 /* PicScrollView.app */,
				A82C6FFE1A42ADA200595D26 /* PicScrollViewTests.xctest */,
			);
			name = Products;
			sourceTree = "<group>";
		};
		A82C6FE71A42ADA200595D26 /* PicScrollView */ = {
			isa = PBXGroup;
			children = (
				A82C6FEC1A42ADA200595D26 /* AppDelegate.h */,
				A82C6FED1A42ADA200595D26 /* AppDelegate.m */,
				A82C700E1A42B00700595D26 /* picScrollView.h */,
				A82C700F1A42B00700595D26 /* picScrollView.m */,
				A82C6FEF1A42ADA200595D26 /* ViewController.h */,
				A82C6FF01A42ADA200595D26 /* ViewController.m */,
				A82C70131A42C60400595D26 /* skin */,
				A82C6FF21A42ADA200595D26 /* Main.storyboard */,
				A82C6FF51A42ADA200595D26 /* Images.xcassets */,
				A82C6FF71A42ADA200595D26 /* LaunchScreen.xib */,
				A82C6FE81A42ADA200595D26 /* Supporting Files */,
			);
			path = PicScrollView;
			sourceTree = "<group>";
		};
		A82C6FE81A42ADA200595D26 /* Supporting Files */ = {
			isa = PBXGroup;
			children = (
				A82C6FE91A42ADA200595D26 /* Info.plist */,
				A82C6FEA1A42ADA200595D26 /* main.m */,
			);
			name = "Supporting Files";
			sourceTree = "<group>";
		};
		A82C70011A42ADA200595D26 /* PicScrollViewTests */ = {
			isa = PBXGroup;
			children = (
				A82C70041A42ADA200595D26 /* PicScrollViewTests.m */,
				A82C70021A42ADA200595D26 /* Supporting Files */,
			);
			path = PicScrollViewTests;
			sourceTree = "<group>";
		};
		A82C70021A42ADA200595D26 /* Supporting Files */ = {
			isa = PBXGroup;
			children = (
				A82C70031A42ADA200595D26 /* Info.plist */,
			);
			name = "Supporting Files";
			sourceTree = "<group>";
		};
		A82C70131A42C60400595D26 /* skin */ = {
			isa = PBXGroup;
			children = (
				A82C70141A42C6E500595D26 /* 1.jpg */,
				A82C70151A42C6E500595D26 /* 2.jpg */,
				A82C70161A42C6E500595D26 /* 3.jpg */,
				A82C70171A42C6E500595D26 /* 4.jpg */,
			);
			name = skin;
			sourceTree = "<group>";
		};
/* End PBXGroup section */

/* Begin PBXNativeTarget section */
		A82C6FE41A42ADA200595D26 /* PicScrollView */ = {
			isa = PBXNativeTarget;
			buildConfigurationList = A82C70081A42ADA200595D26 /* Build configuration list for PBXNativeTarget "PicScrollView" */;
			buildPhases = (
				A82C6FE11A42ADA200595D26 /* Sources */,
				A82C6FE21A42ADA200595D26 /* Frameworks */,
				A82C6FE31A42ADA200595D26 /* Resources */,
			);
			buildRules = (
			);
			dependencies = (
			);
			name = PicScrollView;
			productName = PicScrollView;
			productReference = A82C6FE51A42ADA200595D26 /* PicScrollView.app */;
			productType = "com.apple.product-type.application";
		};
		A82C6FFD1A42ADA200595D26 /* PicScrollViewTests */ = {
			isa = PBXNativeTarget;
			buildConfigurationList = A82C700B1A42ADA200595D26 /* Build configuration list for PBXNativeTarget "PicScrollViewTests" */;
			buildPhases = (
				A82C6FFA1A42ADA200595D26 /* Sources */,
				A82C6FFB1A42ADA200595D26 /* Frameworks */,
				A82C6FFC1A42ADA200595D26 /* Resources */,
			);
			buildRules = (
			);
			dependencies = (
				A82C70001A42ADA200595D26 /* PBXTargetDependency */,
			);
			name = PicScrollViewTests;
			productName = PicScrollViewTests;
			productReference = A82C6FFE1A42ADA200595D26 /* PicScrollViewTests.xctest */;
			productType = "com.apple.product-type.bundle.unit-test";
		};
/* End PBXNativeTarget section */

/* Begin PBXProject section */
		A82C6FDD1A42ADA200595D26 /* Project object */ = {
			isa = PBXProject;
			attributes = {
				LastUpgradeCheck = 0610;
				ORGANIZATIONNAME = binzai;
				TargetAttributes = {
					A82C6FE41A42ADA200595D26 = {
						CreatedOnToolsVersion = 6.1.1;
					};
					A82C6FFD1A42ADA200595D26 = {
						CreatedOnToolsVersion = 6.1.1;
						TestTargetID = A82C6FE41A42ADA200595D26;
					};
				};
			};
			buildConfigurationList = A82C6FE01A42ADA200595D26 /* Build configuration list for PBXProject "PicScrollView" */;
			compatibilityVersion = "Xcode 3.2";
			developmentRegion = English;
			hasScannedForEncodings = 0;
			knownRegions = (
				en,
				Base,
			);
			mainGroup = A82C6FDC1A42ADA200595D26;
			productRefGroup = A82C6FE61A42ADA200595D26 /* Products */;
			projectDirPath = "";
			projectRoot = "";
			targets = (
				A82C6FE41A42ADA200595D26 /* PicScrollView */,
				A82C6FFD1A42ADA200595D26 /* PicScrollViewTests */,
			);
		};
/* End PBXProject section */

/* Begin PBXResourcesBuildPhase section */
		A82C6FE31A42ADA200595D26 /* Resources */ = {
			isa = PBXResourcesBuildPhase;
			buildActionMask = 2147483647;
			files = (
				A82C6FF41A42ADA200595D26 /* Main.storyboard in Resources */,
				A82C701B1A42C6E500595D26 /* 4.jpg in Resources */,
				A82C70181A42C6E500595D26 /* 1.jpg in Resources */,
				A82C70191A42C6E500595D26 /* 2.jpg in Resources */,
				A82C701A1A42C6E500595D26 /* 3.jpg in Resources */,
				A82C6FF91A42ADA200595D26 /* LaunchScreen.xib in Resources */,
				A82C6FF61A42ADA200595D26 /* Images.xcassets in Resources */,
			);
			runOnlyForDeploymentPostprocessing = 0;
		};
		A82C6FFC1A42ADA200595D26 /* Resources */ = {
			isa = PBXResourcesBuildPhase;
			buildActionMask = 2147483647;
			files = (
			);
			runOnlyForDeploymentPostprocessing = 0;
		};
/* End PBXResourcesBuildPhase section */

/* Begin PBXSourcesBuildPhase section */
		A82C6FE11A42ADA200595D26 /* Sources */ = {
			isa = PBXSourcesBuildPhase;
			buildActionMask = 2147483647;
			files = (
				A82C70101A42B00700595D26 /* picScrollView.m in Sources */,
				A82C6FF11A42ADA200595D26 /* ViewController.m in Sources */,
				A82C6FEE1A42ADA200595D26 /* AppDelegate.m in Sources */,
				A82C6FEB1A42ADA200595D26 /* main.m in Sources */,
			);
			runOnlyForDeploymentPostprocessing = 0;
		};
		A82C6FFA1A42ADA200595D26 /* Sources */ = {
			isa = PBXSourcesBuildPhase;
			buildActionMask = 2147483647;
			files = (
				A82C70051A42ADA200595D26 /* PicScrollViewTests.m in Sources */,
			);
			runOnlyForDeploymentPostprocessing = 0;
		};
/* End PBXSourcesBuildPhase section */

/* Begin PBXTargetDependency section */
		A82C70001A42ADA200595D26 /* PBXTargetDependency */ = {
			isa = PBXTargetDependency;
			target = A82C6FE41A42ADA200595D26 /* PicScrollView */;
			targetProxy = A82C6FFF1A42ADA200595D26 /* PBXContainerItemProxy */;
		};
/* End PBXTargetDependency section */

/* Begin PBXVariantGroup section */
		A82C6FF21A42ADA200595D26 /* Main.storyboard */ = {
			isa = PBXVariantGroup;
			children = (
				A82C6FF31A42ADA200595D26 /* Base */,
			);
			name = Main.storyboard;
			sourceTree = "<group>";
		};
		A82C6FF71A42ADA200595D26 /* LaunchScreen.xib */ = {
			isa = PBXVariantGroup;
			children = (
				A82C6FF81A42ADA200595D26 /* Base */,
			);
			name = LaunchScreen.xib;
			sourceTree = "<group>";
		};
/* End PBXVariantGroup section */

/* Begin XCBuildConfiguration section */
		A82C70061A42ADA200595D26 /* Debug */ = {
			isa = XCBuildConfiguration;
			buildSettings = {
				ALWAYS_SEARCH_USER_PATHS = NO;
				CLANG_CXX_LANGUAGE_STANDARD = "gnu++0x";
				CLANG_CXX_LIBRARY = "libc++";
				CLANG_ENABLE_MODULES = YES;
				CLANG_ENABLE_OBJC_ARC = YES;
				CLANG_WARN_BOOL_CONVERSION = YES;
				CLANG_WARN_CONSTANT_CONVERSION = YES;
				CLANG_WARN_DIRECT_OBJC_ISA_USAGE = YES_ERROR;
				CLANG_WARN_EMPTY_BODY = YES;
				CLANG_WARN_ENUM_CONVERSION = YES;
				CLANG_WARN_INT_CONVERSION = YES;
				CLANG_WARN_OBJC_ROOT_CLASS = YES_ERROR;
				CLANG_WARN_UNREACHABLE_CODE = YES;
				CLANG_WARN__DUPLICATE_METHOD_MATCH = YES;
				"CODE_SIGN_IDENTITY[sdk=iphoneos*]" = "iPhone Developer";
				COPY_PHASE_STRIP = NO;
				ENABLE_STRICT_OBJC_MSGSEND = YES;
				GCC_C_LANGUAGE_STANDARD = gnu99;
				GCC_DYNAMIC_NO_PIC = NO;
				GCC_OPTIMIZATION_LEVEL = 0;
				GCC_PREPROCESSOR_DEFINITIONS = (
					"DEBUG=1",
					"$(inherited)",
				);
				GCC_SYMBOLS_PRIVATE_EXTERN = NO;
				GCC_WARN_64_TO_32_BIT_CONVERSION = YES;
				GCC_WARN_ABOUT_RETURN_TYPE = YES_ERROR;
				GCC_WARN_UNDECLARED_SELECTOR = YES;
				GCC_WARN_UNINITIALIZED_AUTOS = YES_AGGRESSIVE;
				GCC_WARN_UNUSED_FUNCTION = YES;
				GCC_WARN_UNUSED_VARIABLE = YES;
				IPHONEOS_DEPLOYMENT_TARGET = 8.1;
				MTL_ENABLE_DEBUG_INFO = YES;
				ONLY_ACTIVE_ARCH = YES;
				SDKROOT = iphoneos;
			};
			name = Debug;
		};
		A82C70071A42ADA200595D26 /* Release */ = {
			isa = XCBuildConfiguration;
			buildSettings = {
				ALWAYS_SEARCH_USER_PATHS = NO;
				CLANG_CXX_LANGUAGE_STANDARD = "gnu++0x";
				CLANG_CXX_LIBRARY = "libc++";
				CLANG_ENABLE_MODULES = YES;
				CLANG_ENABLE_OBJC_ARC = YES;
				CLANG_WARN_BOOL_CONVERSION = YES;
				CLANG_WARN_CONSTANT_CONVERSION = YES;
				CLANG_WARN_DIRECT_OBJC_ISA_USAGE = YES_ERROR;
				CLANG_WARN_EMPTY_BODY = YES;
				CLANG_WARN_ENUM_CONVERSION = YES;
				CLANG_WARN_INT_CONVERSION = YES;
				CLANG_WARN_OBJC_ROOT_CLASS = YES_ERROR;
				CLANG_WARN_UNREACHABLE_CODE = YES;
				CLANG_WARN__DUPLICATE_METHOD_MATCH = YES;
				"CODE_SIGN_IDENTITY[sdk=iphoneos*]" = "iPhone Developer";
				COPY_PHASE_STRIP = YES;
				ENABLE_NS_ASSERTIONS = NO;
				ENABLE_STRICT_OBJC_MSGSEND = YES;
				GCC_C_LANGUAGE_STANDARD = gnu99;
				GCC_WARN_64_TO_32_BIT_CONVERSION = YES;
				GCC_WARN_ABOUT_RETURN_TYPE = YES_ERROR;
				GCC_WARN_UNDECLARED_SELECTOR = YES;
				GCC_WARN_UNINITIALIZED_AUTOS = YES_AGGRESSIVE;
				GCC_WARN_UNUSED_FUNCTION = YES;
				GCC_WARN_UNUSED_VARIABLE = YES;
				IPHONEOS_DEPLOYMENT_TARGET = 8.1;
				MTL_ENABLE_DEBUG_INFO = NO;
				SDKROOT = iphoneos;
				VALIDATE_PRODUCT = YES;
			};
			name = Release;
		};
		A82C70091A42ADA200595D26 /* Debug */ = {
			isa = XCBuildConfiguration;
			buildSettings = {
				ASSETCATALOG_COMPILER_APPICON_NAME = AppIcon;
				INFOPLIST_FILE = PicScrollView/Info.plist;
				LD_RUNPATH_SEARCH_PATHS = "$(inherited) @executable_path/Frameworks";
				PRODUCT_NAME = "$(TARGET_NAME)";
			};
			name = Debug;
		};
		A82C700A1A42ADA200595D26 /* Release */ = {
			isa = XCBuildConfiguration;
			buildSettings = {
				ASSETCATALOG_COMPILER_APPICON_NAME = AppIcon;
				INFOPLIST_FILE = PicScrollView/Info.plist;
				LD_RUNPATH_SEARCH_PATHS = "$(inherited) @executable_path/Frameworks";
				PRODUCT_NAME = "$(TARGET_NAME)";
			};
			name = Release;
		};
		A82C700C1A42ADA200595D26 /* Debug */ = {
			isa = XCBuildConfiguration;
			buildSettings = {
				BUNDLE_LOADER = "$(TEST_HOST)";
				FRAMEWORK_SEARCH_PATHS = (
					"$(SDKROOT)/Developer/Library/Frameworks",
					"$(inherited)",
				);
				GCC_PREPROCESSOR_DEFINITIONS = (
					"DEBUG=1",
					"$(inherited)",
				);
				INFOPLIST_FILE = PicScrollViewTests/Info.plist;
				LD_RUNPATH_SEARCH_PATHS = "$(inherited) @executable_path/Frameworks @loader_path/Frameworks";
				PRODUCT_NAME = "$(TARGET_NAME)";
				TEST_HOST = "$(BUILT_PRODUCTS_DIR)/PicScrollView.app/PicScrollView";
			};
			name = Debug;
		};
		A82C700D1A42ADA200595D26 /* Release */ = {
			isa = XCBuildConfiguration;
			buildSettings = {
				BUNDLE_LOADER = "$(TEST_HOST)";
				FRAMEWORK_SEARCH_PATHS = (
					"$(SDKROOT)/Developer/Library/Frameworks",
					"$(inherited)",
				);
				INFOPLIST_FILE = PicScrollViewTests/Info.plist;
				LD_RUNPATH_SEARCH_PATHS = "$(inherited) @executable_path/Frameworks @loader_path/Frameworks";
				PRODUCT_NAME = "$(TARGET_NAME)";
				TEST_HOST = "$(BUILT_PRODUCTS_DIR)/PicScrollView.app/PicScrollView";
			};
			name = Release;
		};
/* End XCBuildConfiguration section */

/* Begin XCConfigurationList section */
		A82C6FE01A42ADA200595D26 /* Build configuration list for PBXProject "PicScrollView" */ = {
			isa = XCConfigurationList;
			buildConfigurations = (
				A82C70061A42ADA200595D26 /* Debug */,
				A82C70071A42ADA200595D26 /* Release */,
			);
			defaultConfigurationIsVisible = 0;
			defaultConfigurationName = Release;
		};
		A82C70081A42ADA200595D26 /* Build configuration list for PBXNativeTarget "PicScrollView" */ = {
			isa = XCConfigurationList;
			buildConfigurations = (
				A82C70091A42ADA200595D26 /* Debug */,
				A82C700A1A42ADA200595D26 /* Release */,
			);
			defaultConfigurationIsVisible = 0;
		};
		A82C700B1A42ADA200595D26 /* Build configuration list for PBXNativeTarget "PicScrollViewTests" */ = {
			isa = XCConfigurationList;
			buildConfigurations = (
				A82C700C1A42ADA200595D26 /* Debug */,
				A82C700D1A42ADA200595D26 /* Release */,
			);
			defaultConfigurationIsVisible = 0;
		};
/* End XCConfigurationList section */
	};
	rootObject = A82C6FDD1A42ADA200595D26 /* Project object */;
}
